
Microsoft Visual Studio Solution File, Format Version 12.00
# Visual Studio Version 16
VisualStudioVersion = 16.0.30804.86
MinimumVisualStudioVersion = 10.0.40219.1
Project("{2150E333-8FDC-42A3-9474-1A3956D46DE8}") = "Class projects", "Class projects", "{C1E86085-34E1-4F7F-9938-888CC4F7B935}"
EndProject
Project("{2150E333-8FDC-42A3-9474-1A3956D46DE8}") = "Front end projects", "Front end projects", "{8C1D7915-7610-4E54-A4E3-6A4091516933}"
EndProject
Project("{778DAE3C-4631-46EA-AA77-85C1314464D9}") = "Basic1", "Basic1\Basic1.vbproj", "{7C6C4253-53F6-44C5-B7E1-4532C01E23D9}"
EndProject
Project("{778DAE3C-4631-46EA-AA77-85C1314464D9}") = "ConsoleHelpers", "ConsoleHelpers\ConsoleHelpers.vbproj", "{C35C53BB-6CEB-4560-9086-EF1A671D72C6}"
EndProject
Project("{2150E333-8FDC-42A3-9474-1A3956D46DE8}") = "Solution Items", "Solution Items", "{7A943AB3-4DFA-4B0C-8FEF-B8B2BCE4FD4C}"
	ProjectSection(SolutionItems) = preProject
		readme.md = readme.md
	EndProjectSection
EndProject
Project("{778DAE3C-4631-46EA-AA77-85C1314464D9}") = "ConfigurationHelper", "ConfigurationHelper_vb\ConfigurationHelper.vbproj", "{97D0A75F-B7D5-4B5B-AF54-214BDB991A21}"
EndProject
Project("{778DAE3C-4631-46EA-AA77-85C1314464D9}") = "SecurityHelper", "Securityhelper_vb\SecurityHelper.vbproj", "{5B0DB660-5737-4225-9DAF-9E956E967FB4}"
EndProject
Project("{2150E333-8FDC-42A3-9474-1A3956D46DE8}") = "Json Helpers", "Json Helpers", "{BDF25C60-E18A-4D82-8F52-DD0922A3F129}"
EndProject
Project("{778DAE3C-4631-46EA-AA77-85C1314464D9}") = "CreateJson", "CreateJson\CreateJson.vbproj", "{AA0FE47D-6F0A-40C8-8C9D-B7C45F089A7F}"
EndProject
Project("{2150E333-8FDC-42A3-9474-1A3956D46DE8}") = "App config", "App config", "{A0714C91-AD4D-4C86-A8B2-A50E0A08B1C9}"
EndProject
Project("{F184B08F-C81C-45F6-A57F-5ABD9991F28F}") = "CustomAppSettings1", "CustomAppSettings1\CustomAppSettings1.vbproj", "{D4ED2D8D-FA27-4D0E-B6F6-6BB4240B8DB8}"
EndProject
Project("{F184B08F-C81C-45F6-A57F-5ABD9991F28F}") = "AppSettingsMySettings", "AppSettingsMySettings\AppSettingsMySettings.vbproj", "{1DADD58F-A0DB-413D-BBD8-59C5A4FD2C24}"
EndProject
Project("{778DAE3C-4631-46EA-AA77-85C1314464D9}") = "ConfigurationHelperSamples", "ConfigurationHelperSamples\ConfigurationHelperSamples.vbproj", "{7E4841EA-DCF9-42FD-B5B3-F0157E9B5EDE}"
EndProject
Project("{F184B08F-C81C-45F6-A57F-5ABD9991F28F}") = "EntityFrameworkCoreLibrary", "EntityFrameworkCoreLibrary_vb\EntityFrameworkCoreLibrary.vbproj", "{298E7DB2-412B-42DC-A545-15F4B20C5549}"
EndProject
Project("{F184B08F-C81C-45F6-A57F-5ABD9991F28F}") = "EntityFrameworkCoreLibraryConsole", "EntityFrameworkCoreLibraryConsole\EntityFrameworkCoreLibraryConsole.vbproj", "{704D8906-556A-4DE4-87A4-CA0C76A3B91A}"
EndProject
Project("{778DAE3C-4631-46EA-AA77-85C1314464D9}") = "NorthWindLibrary", "NorthWindLibrary\NorthWindLibrary.vbproj", "{40B3FB09-4B1D-4031-A7DE-E65F2CA32F81}"
EndProject
Project("{F184B08F-C81C-45F6-A57F-5ABD9991F28F}") = "NorthWindEntityCore", "NorthWindEntityCore\NorthWindEntityCore.vbproj", "{56A4C181-1E4E-4DFC-95AF-8BD556A18BEE}"
EndProject
Project("{F184B08F-C81C-45F6-A57F-5ABD9991F28F}") = "Basic2", "Basic2\Basic2.vbproj", "{6AD9D970-B87F-453E-8144-6AE6711A2F58}"
EndProject
Global
	GlobalSection(SolutionConfigurationPlatforms) = preSolution
		Debug|Any CPU = Debug|Any CPU
		Release|Any CPU = Release|Any CPU
	EndGlobalSection
	GlobalSection(ProjectConfigurationPlatforms) = postSolution
		{7C6C4253-53F6-44C5-B7E1-4532C01E23D9}.Debug|Any CPU.ActiveCfg = Debug|Any CPU
		{7C6C4253-53F6-44C5-B7E1-4532C01E23D9}.Debug|Any CPU.Build.0 = Debug|Any CPU
		{7C6C4253-53F6-44C5-B7E1-4532C01E23D9}.Release|Any CPU.ActiveCfg = Release|Any CPU
		{7C6C4253-53F6-44C5-B7E1-4532C01E23D9}.Release|Any CPU.Build.0 = Release|Any CPU
		{C35C53BB-6CEB-4560-9086-EF1A671D72C6}.Debug|Any CPU.ActiveCfg = Debug|Any CPU
		{C35C53BB-6CEB-4560-9086-EF1A671D72C6}.Debug|Any CPU.Build.0 = Debug|Any CPU
		{C35C53BB-6CEB-4560-9086-EF1A671D72C6}.Release|Any CPU.ActiveCfg = Release|Any CPU
		{C35C53BB-6CEB-4560-9086-EF1A671D72C6}.Release|Any CPU.Build.0 = Release|Any CPU
		{97D0A75F-B7D5-4B5B-AF54-214BDB991A21}.Debug|Any CPU.ActiveCfg = Debug|Any CPU
		{97D0A75F-B7D5-4B5B-AF54-214BDB991A21}.Debug|Any CPU.Build.0 = Debug|Any CPU
		{97D0A75F-B7D5-4B5B-AF54-214BDB991A21}.Release|Any CPU.ActiveCfg = Release|Any CPU
		{97D0A75F-B7D5-4B5B-AF54-214BDB991A21}.Release|Any CPU.Build.0 = Release|Any CPU
		{5B0DB660-5737-4225-9DAF-9E956E967FB4}.Debug|Any CPU.ActiveCfg = Debug|Any CPU
		{5B0DB660-5737-4225-9DAF-9E956E967FB4}.Debug|Any CPU.Build.0 = Debug|Any CPU
		{5B0DB660-5737-4225-9DAF-9E956E967FB4}.Release|Any CPU.ActiveCfg = Release|Any CPU
		{5B0DB660-5737-4225-9DAF-9E956E967FB4}.Release|Any CPU.Build.0 = Release|Any CPU
		{AA0FE47D-6F0A-40C8-8C9D-B7C45F089A7F}.Debug|Any CPU.ActiveCfg = Debug|Any CPU
		{AA0FE47D-6F0A-40C8-8C9D-B7C45F089A7F}.Debug|Any CPU.Build.0 = Debug|Any CPU
		{AA0FE47D-6F0A-40C8-8C9D-B7C45F089A7F}.Release|Any CPU.ActiveCfg = Release|Any CPU
		{AA0FE47D-6F0A-40C8-8C9D-B7C45F089A7F}.Release|Any CPU.Build.0 = Release|Any CPU
		{D4ED2D8D-FA27-4D0E-B6F6-6BB4240B8DB8}.Debug|Any CPU.ActiveCfg = Debug|Any CPU
		{D4ED2D8D-FA27-4D0E-B6F6-6BB4240B8DB8}.Debug|Any CPU.Build.0 = Debug|Any CPU
		{D4ED2D8D-FA27-4D0E-B6F6-6BB4240B8DB8}.Release|Any CPU.ActiveCfg = Release|Any CPU
		{D4ED2D8D-FA27-4D0E-B6F6-6BB4240B8DB8}.Release|Any CPU.Build.0 = Release|Any CPU
		{1DADD58F-A0DB-413D-BBD8-59C5A4FD2C24}.Debug|Any CPU.ActiveCfg = Debug|Any CPU
		{1DADD58F-A0DB-413D-BBD8-59C5A4FD2C24}.Debug|Any CPU.Build.0 = Debug|Any CPU
		{1DADD58F-A0DB-413D-BBD8-59C5A4FD2C24}.Release|Any CPU.ActiveCfg = Release|Any CPU
		{1DADD58F-A0DB-413D-BBD8-59C5A4FD2C24}.Release|Any CPU.Build.0 = Release|Any CPU
		{7E4841EA-DCF9-42FD-B5B3-F0157E9B5EDE}.Debug|Any CPU.ActiveCfg = Debug|Any CPU
		{7E4841EA-DCF9-42FD-B5B3-F0157E9B5EDE}.Debug|Any CPU.Build.0 = Debug|Any CPU
		{7E4841EA-DCF9-42FD-B5B3-F0157E9B5EDE}.Release|Any CPU.ActiveCfg = Release|Any CPU
		{7E4841EA-DCF9-42FD-B5B3-F0157E9B5EDE}.Release|Any CPU.Build.0 = Release|Any CPU
		{298E7DB2-412B-42DC-A545-15F4B20C5549}.Debug|Any CPU.ActiveCfg = Debug|Any CPU
		{298E7DB2-412B-42DC-A545-15F4B20C5549}.Debug|Any CPU.Build.0 = Debug|Any CPU
		{298E7DB2-412B-42DC-A545-15F4B20C5549}.Release|Any CPU.ActiveCfg = Release|Any CPU
		{298E7DB2-412B-42DC-A545-15F4B20C5549}.Release|Any CPU.Build.0 = Release|Any CPU
		{704D8906-556A-4DE4-87A4-CA0C76A3B91A}.Debug|Any CPU.ActiveCfg = Debug|Any CPU
		{704D8906-556A-4DE4-87A4-CA0C76A3B91A}.Debug|Any CPU.Build.0 = Debug|Any CPU
		{704D8906-556A-4DE4-87A4-CA0C76A3B91A}.Release|Any CPU.ActiveCfg = Release|Any CPU
		{704D8906-556A-4DE4-87A4-CA0C76A3B91A}.Release|Any CPU.Build.0 = Release|Any CPU
		{40B3FB09-4B1D-4031-A7DE-E65F2CA32F81}.Debug|Any CPU.ActiveCfg = Debug|Any CPU
		{40B3FB09-4B1D-4031-A7DE-E65F2CA32F81}.Debug|Any CPU.Build.0 = Debug|Any CPU
		{40B3FB09-4B1D-4031-A7DE-E65F2CA32F81}.Release|Any CPU.ActiveCfg = Release|Any CPU
		{40B3FB09-4B1D-4031-A7DE-E65F2CA32F81}.Release|Any CPU.Build.0 = Release|Any CPU
		{56A4C181-1E4E-4DFC-95AF-8BD556A18BEE}.Debug|Any CPU.ActiveCfg = Debug|Any CPU
		{56A4C181-1E4E-4DFC-95AF-8BD556A18BEE}.Debug|Any CPU.Build.0 = Debug|Any CPU
		{56A4C181-1E4E-4DFC-95AF-8BD556A18BEE}.Release|Any CPU.ActiveCfg = Release|Any CPU
		{56A4C181-1E4E-4DFC-95AF-8BD556A18BEE}.Release|Any CPU.Build.0 = Release|Any CPU
		{6AD9D970-B87F-453E-8144-6AE6711A2F58}.Debug|Any CPU.ActiveCfg = Debug|Any CPU
		{6AD9D970-B87F-453E-8144-6AE6711A2F58}.Debug|Any CPU.Build.0 = Debug|Any CPU
		{6AD9D970-B87F-453E-8144-6AE6711A2F58}.Release|Any CPU.ActiveCfg = Release|Any CPU
		{6AD9D970-B87F-453E-8144-6AE6711A2F58}.Release|Any CPU.Build.0 = Release|Any CPU
	EndGlobalSection
	GlobalSection(SolutionProperties) = preSolution
		HideSolutionNode = FALSE
	EndGlobalSection
	GlobalSection(NestedProjects) = preSolution
		{7C6C4253-53F6-44C5-B7E1-4532C01E23D9} = {8C1D7915-7610-4E54-A4E3-6A4091516933}
		{C35C53BB-6CEB-4560-9086-EF1A671D72C6} = {C1E86085-34E1-4F7F-9938-888CC4F7B935}
		{97D0A75F-B7D5-4B5B-AF54-214BDB991A21} = {C1E86085-34E1-4F7F-9938-888CC4F7B935}
		{5B0DB660-5737-4225-9DAF-9E956E967FB4} = {C1E86085-34E1-4F7F-9938-888CC4F7B935}
		{BDF25C60-E18A-4D82-8F52-DD0922A3F129} = {8C1D7915-7610-4E54-A4E3-6A4091516933}
		{AA0FE47D-6F0A-40C8-8C9D-B7C45F089A7F} = {BDF25C60-E18A-4D82-8F52-DD0922A3F129}
		{A0714C91-AD4D-4C86-A8B2-A50E0A08B1C9} = {8C1D7915-7610-4E54-A4E3-6A4091516933}
		{D4ED2D8D-FA27-4D0E-B6F6-6BB4240B8DB8} = {A0714C91-AD4D-4C86-A8B2-A50E0A08B1C9}
		{1DADD58F-A0DB-413D-BBD8-59C5A4FD2C24} = {A0714C91-AD4D-4C86-A8B2-A50E0A08B1C9}
		{7E4841EA-DCF9-42FD-B5B3-F0157E9B5EDE} = {8C1D7915-7610-4E54-A4E3-6A4091516933}
		{298E7DB2-412B-42DC-A545-15F4B20C5549} = {C1E86085-34E1-4F7F-9938-888CC4F7B935}
		{704D8906-556A-4DE4-87A4-CA0C76A3B91A} = {A0714C91-AD4D-4C86-A8B2-A50E0A08B1C9}
		{40B3FB09-4B1D-4031-A7DE-E65F2CA32F81} = {C1E86085-34E1-4F7F-9938-888CC4F7B935}
		{56A4C181-1E4E-4DFC-95AF-8BD556A18BEE} = {8C1D7915-7610-4E54-A4E3-6A4091516933}
		{6AD9D970-B87F-453E-8144-6AE6711A2F58} = {8C1D7915-7610-4E54-A4E3-6A4091516933}
	EndGlobalSection
	GlobalSection(ExtensibilityGlobals) = postSolution
		SolutionGuid = {E355FEB8-05F9-40C8-A8B0-993D689B4FE9}
	EndGlobalSection
EndGlobal
